<?xml version="1.0" encoding="utf-8"?>
<Project ToolsVersion="4.0" xmlns="http://schemas.microsoft.com/developer/msbuild/2003">
  <ItemGroup>
    <Filter Include="Source Files">
      <UniqueIdentifier>{4FC737F1-C7A5-4376-A066-2A32D752A2FF}</UniqueIdentifier>
      <Extensions>cpp;c;cc;cxx;c++;def;odl;idl;hpj;bat;asm;asmx</Extensions>
    </Filter>
    <Filter Include="Header Files">
      <UniqueIdentifier>{93995380-89BD-4b04-88EB-625FBE52EBFB}</UniqueIdentifier>
      <Extensions>h;hh;hpp;hxx;h++;hm;inl;inc;ipp;xsd</Extensions>
    </Filter>
    <Filter Include="Resource Files">
      <UniqueIdentifier>{67DA6AB6-F800-4c08-8B7A-83BB121AAD01}</UniqueIdentifier>
      <Extensions>rc;ico;cur;bmp;dlg;rc2;rct;bin;rgs;gif;jpg;jpeg;jpe;resx;tiff;tif;png;wav;mfcribbon-ms</Extensions>
    </Filter>
    <Filter Include="Runtime">
      <UniqueIdentifier>{f13b37a3-712f-4cdd-8236-af56e0e0b44b}</UniqueIdentifier>
    </Filter>
    <Filter Include="Runtime\AssetRegistry">
      <UniqueIdentifier>{743d5375-e41f-4249-944a-31c1edb7a9ce}</UniqueIdentifier>
    </Filter>
    <Filter Include="Runtime\Jobsystem">
      <UniqueIdentifier>{204ddbe7-3034-430c-8a5a-73c2f95bc940}</UniqueIdentifier>
    </Filter>
    <Filter Include="Runtime\RHI">
      <UniqueIdentifier>{35d82da9-5486-431e-9c95-d548da0ee596}</UniqueIdentifier>
    </Filter>
    <Filter Include="Runtime\Platform">
      <UniqueIdentifier>{c4e0e853-b4ec-4661-9e22-a337e7149438}</UniqueIdentifier>
    </Filter>
    <Filter Include="Runtime\Platform\Win">
      <UniqueIdentifier>{1c4b6dba-7224-49e7-a4ec-698a2b6500bb}</UniqueIdentifier>
    </Filter>
    <Filter Include="Runtime\GfxDevice">
      <UniqueIdentifier>{6358c04d-e453-43f1-8bc7-b5c8499fdf8f}</UniqueIdentifier>
    </Filter>
    <Filter Include="Runtime\GfxDevice\Vulkan">
      <UniqueIdentifier>{3169d8cc-1eb9-4f23-a67e-c35395774073}</UniqueIdentifier>
    </Filter>
    <Filter Include="Runtime\Core">
      <UniqueIdentifier>{74f5adc3-d8b2-4f2b-a3b1-184191c1f8e4}</UniqueIdentifier>
    </Filter>
  </ItemGroup>
  <ItemGroup>
    <ClInclude Include="..\Runtime\Sailor.h">
      <Filter>Runtime</Filter>
    </ClInclude>
    <ClInclude Include="..\Runtime\LogMacros.h">
      <Filter>Runtime</Filter>
    </ClInclude>
    <ClInclude Include="..\Runtime\AssetRegistry\AssetRegistry.h">
      <Filter>Runtime\AssetRegistry</Filter>
    </ClInclude>
    <ClInclude Include="..\Runtime\AssetRegistry\ShaderCompiler.h">
      <Filter>Runtime\AssetRegistry</Filter>
    </ClInclude>
    <ClInclude Include="..\Runtime\AssetRegistry\AssetInfo.h">
      <Filter>Runtime\AssetRegistry</Filter>
    </ClInclude>
    <ClInclude Include="..\Runtime\AssetRegistry\UID.h">
      <Filter>Runtime\AssetRegistry</Filter>
    </ClInclude>
    <ClInclude Include="..\Runtime\Utils.h">
      <Filter>Runtime</Filter>
    </ClInclude>
    <ClInclude Include="..\Runtime\AssetRegistry\ShaderCache.h">
      <Filter>Runtime\AssetRegistry</Filter>
    </ClInclude>
    <ClInclude Include="..\Runtime\AssetRegistry\ShaderAssetInfo.h">
      <Filter>Runtime\AssetRegistry</Filter>
    </ClInclude>
    <ClInclude Include="..\Runtime\JobSystem\JobSystem.h">
      <Filter>Runtime\Jobsystem</Filter>
    </ClInclude>
    <ClInclude Include="..\Runtime\Defines.h">
      <Filter>Runtime</Filter>
    </ClInclude>
    <ClInclude Include="..\Runtime\RHI\RHIResource.h">
      <Filter>Runtime\RHI</Filter>
    </ClInclude>
    <ClInclude Include="..\Runtime\GfxDevice\Vulkan\VulkanApi.h">
      <Filter>Runtime\GfxDevice\Vulkan</Filter>
    </ClInclude>
    <ClInclude Include="..\Runtime\Platform\Win\ConsoleWindow.h">
      <Filter>Runtime\Platform\Win</Filter>
    </ClInclude>
    <ClInclude Include="..\Runtime\Platform\Win\Input.h">
      <Filter>Runtime\Platform\Win</Filter>
    </ClInclude>
    <ClInclude Include="..\Runtime\Platform\Win\Window.h">
      <Filter>Runtime\Platform\Win</Filter>
    </ClInclude>
    <ClInclude Include="..\Runtime\Core\JsonSerializable.h">
      <Filter>Runtime\Core</Filter>
    </ClInclude>
    <ClInclude Include="..\Runtime\Core\Singleton.hpp">
      <Filter>Runtime\Core</Filter>
    </ClInclude>
    <ClInclude Include="..\Runtime\Core\RefPtr.hpp">
      <Filter>Runtime\Core</Filter>
    </ClInclude>
    <ClInclude Include="..\Runtime\GfxDevice\Vulkan\VulkanCommandBuffer.h">
      <Filter>Runtime\GfxDevice\Vulkan</Filter>
    </ClInclude>
    <ClInclude Include="..\Runtime\GfxDevice\Vulkan\VulkanCommandPool.h">
      <Filter>Runtime\GfxDevice\Vulkan</Filter>
    </ClInclude>
  </ItemGroup>
  <ItemGroup>
    <ClCompile Include="dllmain.cpp">
      <Filter>Source Files</Filter>
    </ClCompile>
    <ClCompile Include="..\Runtime\Sailor.cpp">
      <Filter>Runtime</Filter>
    </ClCompile>
    <ClCompile Include="..\Runtime\AssetRegistry\AssetRegistry.cpp">
      <Filter>Runtime\AssetRegistry</Filter>
    </ClCompile>
    <ClCompile Include="..\Runtime\AssetRegistry\ShaderCompiler.cpp">
      <Filter>Runtime\AssetRegistry</Filter>
    </ClCompile>
    <ClCompile Include="..\Runtime\AssetRegistry\AssetInfo.cpp">
      <Filter>Runtime\AssetRegistry</Filter>
    </ClCompile>
    <ClCompile Include="..\Runtime\AssetRegistry\UID.cpp">
      <Filter>Runtime\AssetRegistry</Filter>
    </ClCompile>
    <ClCompile Include="..\Runtime\Utils.cpp">
      <Filter>Runtime</Filter>
    </ClCompile>
    <ClCompile Include="..\Runtime\AssetRegistry\ShaderCache.cpp">
      <Filter>Runtime\AssetRegistry</Filter>
    </ClCompile>
    <ClCompile Include="..\Runtime\AssetRegistry\ShaderAssetInfo.cpp">
      <Filter>Runtime\AssetRegistry</Filter>
    </ClCompile>
    <ClCompile Include="..\Runtime\JobSystem\JobSystem.cpp">
      <Filter>Runtime\Jobsystem</Filter>
    </ClCompile>
    <ClCompile Include="..\Runtime\GfxDevice\Vulkan\VulkanApi.cpp">
      <Filter>Runtime\GfxDevice\Vulkan</Filter>
    </ClCompile>
    <ClCompile Include="..\Runtime\Platform\Win\ConsoleWindow.cpp">
      <Filter>Runtime\Platform\Win</Filter>
    </ClCompile>
    <ClCompile Include="..\Runtime\Platform\Win\Input.cpp">
      <Filter>Runtime\Platform\Win</Filter>
    </ClCompile>
    <ClCompile Include="..\Runtime\Platform\Win\Window.cpp">
      <Filter>Runtime\Platform\Win</Filter>
    </ClCompile>
    <ClCompile Include="..\Runtime\Core\JsonSerializable.cpp">
      <Filter>Runtime\Core</Filter>
    </ClCompile>
    <ClCompile Include="..\Runtime\GfxDevice\Vulkan\VulkanCommandBuffer.cpp">
      <Filter>Runtime\GfxDevice\Vulkan</Filter>
    </ClCompile>
    <ClCompile Include="..\Runtime\GfxDevice\Vulkan\VulkanCommandPool.cpp">
      <Filter>Runtime\GfxDevice\Vulkan</Filter>
    </ClCompile>
  </ItemGroup>
</Project>