<?xml version="1.0" encoding="utf-8"?>
<Project ToolsVersion="4.0" xmlns="http://schemas.microsoft.com/developer/msbuild/2003">
  <ItemGroup>
    <Filter Include="Source Files">
      <UniqueIdentifier>{4FC737F1-C7A5-4376-A066-2A32D752A2FF}</UniqueIdentifier>
      <Extensions>cpp;c;cc;cxx;c++;def;odl;idl;hpj;bat;asm;asmx</Extensions>
    </Filter>
    <Filter Include="Header Files">
      <UniqueIdentifier>{93995380-89BD-4b04-88EB-625FBE52EBFB}</UniqueIdentifier>
      <Extensions>h;hh;hpp;hxx;h++;hm;inl;inc;ipp;xsd</Extensions>
    </Filter>
    <Filter Include="Resource Files">
      <UniqueIdentifier>{67DA6AB6-F800-4c08-8B7A-83BB121AAD01}</UniqueIdentifier>
      <Extensions>rc;ico;cur;bmp;dlg;rc2;rct;bin;rgs;gif;jpg;jpeg;jpe;resx;tiff;tif;png;wav;mfcribbon-ms</Extensions>
    </Filter>
    <Filter Include="Runtime">
      <UniqueIdentifier>{f13b37a3-712f-4cdd-8236-af56e0e0b44b}</UniqueIdentifier>
    </Filter>
    <Filter Include="Runtime\AssetRegistry">
      <UniqueIdentifier>{743d5375-e41f-4249-944a-31c1edb7a9ce}</UniqueIdentifier>
    </Filter>
    <Filter Include="Runtime\Jobsystem">
      <UniqueIdentifier>{204ddbe7-3034-430c-8a5a-73c2f95bc940}</UniqueIdentifier>
    </Filter>
    <Filter Include="Runtime\Platform">
      <UniqueIdentifier>{c4e0e853-b4ec-4661-9e22-a337e7149438}</UniqueIdentifier>
    </Filter>
    <Filter Include="Runtime\GfxDevice">
      <UniqueIdentifier>{6358c04d-e453-43f1-8bc7-b5c8499fdf8f}</UniqueIdentifier>
    </Filter>
    <Filter Include="Runtime\GfxDevice\Vulkan">
      <UniqueIdentifier>{3169d8cc-1eb9-4f23-a67e-c35395774073}</UniqueIdentifier>
    </Filter>
    <Filter Include="Runtime\Core">
      <UniqueIdentifier>{74f5adc3-d8b2-4f2b-a3b1-184191c1f8e4}</UniqueIdentifier>
    </Filter>
    <Filter Include="Runtime\RHI">
      <UniqueIdentifier>{35d82da9-5486-431e-9c95-d548da0ee596}</UniqueIdentifier>
    </Filter>
    <Filter Include="Runtime\Math">
      <UniqueIdentifier>{a8fee1ec-103d-48d0-b93b-f726495399f4}</UniqueIdentifier>
    </Filter>
    <Filter Include="Runtime\Platform\Win32">
      <UniqueIdentifier>{1c4b6dba-7224-49e7-a4ec-698a2b6500bb}</UniqueIdentifier>
    </Filter>
    <Filter Include="Runtime\Memory">
      <UniqueIdentifier>{b78f6e51-d07c-4f95-95ae-8ce4402e727f}</UniqueIdentifier>
    </Filter>
    <Filter Include="Runtime\AssetRegistry\Material">
      <UniqueIdentifier>{069d282b-5790-4b0a-82a7-75f4bab40292}</UniqueIdentifier>
    </Filter>
    <Filter Include="Runtime\AssetRegistry\Model">
      <UniqueIdentifier>{841dd309-64c9-4f45-b1e6-a3404f007230}</UniqueIdentifier>
    </Filter>
    <Filter Include="Runtime\AssetRegistry\Texture">
      <UniqueIdentifier>{7b94a248-253d-4241-a073-2bf8118bcba5}</UniqueIdentifier>
    </Filter>
    <Filter Include="Runtime\AssetRegistry\Shader">
      <UniqueIdentifier>{81ea8f38-0dcb-4e79-80eb-2ec22bdebcf5}</UniqueIdentifier>
    </Filter>
    <Filter Include="Runtime\AssetRegistry\RenderPipeline">
      <UniqueIdentifier>{27258cad-e314-4982-b128-0583757aefee}</UniqueIdentifier>
    </Filter>
    <Filter Include="Runtime\Containers">
      <UniqueIdentifier>{953ab208-0362-4921-b8d1-08e052356135}</UniqueIdentifier>
    </Filter>
    <Filter Include="Runtime\Engine">
      <UniqueIdentifier>{fdc87901-fb01-4592-bfeb-c831946fcd25}</UniqueIdentifier>
    </Filter>
  </ItemGroup>
  <ItemGroup>
    <ClInclude Include="..\Runtime\Sailor.h">
      <Filter>Runtime</Filter>
    </ClInclude>
    <ClInclude Include="..\Runtime\AssetRegistry\AssetRegistry.h">
      <Filter>Runtime\AssetRegistry</Filter>
    </ClInclude>
    <ClInclude Include="..\Runtime\AssetRegistry\AssetInfo.h">
      <Filter>Runtime\AssetRegistry</Filter>
    </ClInclude>
    <ClInclude Include="..\Runtime\JobSystem\JobSystem.h">
      <Filter>Runtime\Jobsystem</Filter>
    </ClInclude>
    <ClInclude Include="..\Runtime\RHI\Types.h">
      <Filter>Runtime\RHI</Filter>
    </ClInclude>
    <ClInclude Include="..\Runtime\GfxDevice\Vulkan\VulkanApi.h">
      <Filter>Runtime\GfxDevice\Vulkan</Filter>
    </ClInclude>
    <ClInclude Include="..\Runtime\Core\JsonSerializable.h">
      <Filter>Runtime\Core</Filter>
    </ClInclude>
    <ClInclude Include="..\Runtime\GfxDevice\Vulkan\VulkanCommandBuffer.h">
      <Filter>Runtime\GfxDevice\Vulkan</Filter>
    </ClInclude>
    <ClInclude Include="..\Runtime\GfxDevice\Vulkan\VulkanCommandPool.h">
      <Filter>Runtime\GfxDevice\Vulkan</Filter>
    </ClInclude>
    <ClInclude Include="..\Runtime\GfxDevice\Vulkan\VulkanFence.h">
      <Filter>Runtime\GfxDevice\Vulkan</Filter>
    </ClInclude>
    <ClInclude Include="..\Runtime\GfxDevice\Vulkan\VulkanSemaphore.h">
      <Filter>Runtime\GfxDevice\Vulkan</Filter>
    </ClInclude>
    <ClInclude Include="..\Runtime\GfxDevice\Vulkan\VulkanDevice.h">
      <Filter>Runtime\GfxDevice\Vulkan</Filter>
    </ClInclude>
    <ClInclude Include="..\Runtime\GfxDevice\Vulkan\VulkanRenderPass.h">
      <Filter>Runtime\GfxDevice\Vulkan</Filter>
    </ClInclude>
    <ClInclude Include="..\Runtime\GfxDevice\Vulkan\VulkanSwapchain.h">
      <Filter>Runtime\GfxDevice\Vulkan</Filter>
    </ClInclude>
    <ClInclude Include="..\Runtime\GfxDevice\Vulkan\VulkanQueue.h">
      <Filter>Runtime\GfxDevice\Vulkan</Filter>
    </ClInclude>
    <ClInclude Include="..\Runtime\GfxDevice\Vulkan\VulkanFramebuffer.h">
      <Filter>Runtime\GfxDevice\Vulkan</Filter>
    </ClInclude>
    <ClInclude Include="..\Runtime\GfxDevice\Vulkan\VulkanImage.h">
      <Filter>Runtime\GfxDevice\Vulkan</Filter>
    </ClInclude>
    <ClInclude Include="..\Runtime\GfxDevice\Vulkan\VulkanImageInfo.h">
      <Filter>Runtime\GfxDevice\Vulkan</Filter>
    </ClInclude>
    <ClInclude Include="..\Runtime\GfxDevice\Vulkan\VulkanImageView.h">
      <Filter>Runtime\GfxDevice\Vulkan</Filter>
    </ClInclude>
    <ClInclude Include="..\Runtime\GfxDevice\Vulkan\VulkanBuffer.h">
      <Filter>Runtime\GfxDevice\Vulkan</Filter>
    </ClInclude>
    <ClInclude Include="..\Runtime\GfxDevice\Vulkan\VulkanDeviceMemory.h">
      <Filter>Runtime\GfxDevice\Vulkan</Filter>
    </ClInclude>
    <ClInclude Include="..\Runtime\RHI\Renderer.h">
      <Filter>Runtime\RHI</Filter>
    </ClInclude>
    <ClInclude Include="..\Runtime\GfxDevice\Vulkan\VulkanPipeline.h">
      <Filter>Runtime\GfxDevice\Vulkan</Filter>
    </ClInclude>
    <ClInclude Include="..\Runtime\GfxDevice\Vulkan\VulkanShaderModule.h">
      <Filter>Runtime\GfxDevice\Vulkan</Filter>
    </ClInclude>
    <ClInclude Include="..\Runtime\GfxDevice\Vulkan\VulkanPipileneStates.h">
      <Filter>Runtime\GfxDevice\Vulkan</Filter>
    </ClInclude>
    <ClInclude Include="..\Runtime\GfxDevice\Vulkan\VulkanDescriptors.h">
      <Filter>Runtime\GfxDevice\Vulkan</Filter>
    </ClInclude>
    <ClInclude Include="..\Runtime\GfxDevice\Vulkan\VulkanSamplers.h">
      <Filter>Runtime\GfxDevice\Vulkan</Filter>
    </ClInclude>
    <ClInclude Include="..\Runtime\Math\Math.h">
      <Filter>Runtime\Math</Filter>
    </ClInclude>
    <ClInclude Include="..\Runtime\Platform\Win32\ConsoleWindow.h">
      <Filter>Runtime\Platform\Win32</Filter>
    </ClInclude>
    <ClInclude Include="..\Runtime\Platform\Win32\Input.h">
      <Filter>Runtime\Platform\Win32</Filter>
    </ClInclude>
    <ClInclude Include="..\Runtime\Platform\Win32\Window.h">
      <Filter>Runtime\Platform\Win32</Filter>
    </ClInclude>
    <ClInclude Include="..\Runtime\RHI\Mesh.h">
      <Filter>Runtime\RHI</Filter>
    </ClInclude>
    <ClInclude Include="..\Runtime\Memory\Memory.h">
      <Filter>Runtime\Memory</Filter>
    </ClInclude>
    <ClInclude Include="..\Runtime\Memory\MemoryBlockAllocator.hpp">
      <Filter>Runtime\Memory</Filter>
    </ClInclude>
    <ClInclude Include="..\Runtime\GfxDevice\Vulkan\VulkanMemory.h">
      <Filter>Runtime\GfxDevice\Vulkan</Filter>
    </ClInclude>
    <ClInclude Include="..\Runtime\Memory\MemoryPoolAllocator.hpp">
      <Filter>Runtime\Memory</Filter>
    </ClInclude>
    <ClInclude Include="..\Runtime\Memory\MemoryMultiPoolAllocator.hpp">
      <Filter>Runtime\Memory</Filter>
    </ClInclude>
    <ClInclude Include="..\Runtime\Memory\Heap.h">
      <Filter>Runtime\Memory</Filter>
    </ClInclude>
    <ClInclude Include="..\Runtime\RHI\Fence.h">
      <Filter>Runtime\RHI</Filter>
    </ClInclude>
    <ClInclude Include="..\Runtime\RHI\CommandList.h">
      <Filter>Runtime\RHI</Filter>
    </ClInclude>
    <ClInclude Include="..\Runtime\RHI\GfxDevice.h">
      <Filter>Runtime\RHI</Filter>
    </ClInclude>
    <ClInclude Include="..\Runtime\RHI\Texture.h">
      <Filter>Runtime\RHI</Filter>
    </ClInclude>
    <ClInclude Include="..\Runtime\GfxDevice\Vulkan\GfxDeviceVulkan.h">
      <Filter>Runtime\GfxDevice\Vulkan</Filter>
    </ClInclude>
    <ClInclude Include="..\Runtime\RHI\Buffer.h">
      <Filter>Runtime\RHI</Filter>
    </ClInclude>
    <ClInclude Include="..\Runtime\RHI\Material.h">
      <Filter>Runtime\RHI</Filter>
    </ClInclude>
    <ClInclude Include="..\Runtime\RHI\Shader.h">
      <Filter>Runtime\RHI</Filter>
    </ClInclude>
    <ClInclude Include="..\Runtime\GfxDevice\Vulkan\VulkanBufferMemory.h">
      <Filter>Runtime\GfxDevice\Vulkan</Filter>
    </ClInclude>
    <ClInclude Include="..\Runtime\AssetRegistry\UID.h">
      <Filter>Runtime\AssetRegistry</Filter>
    </ClInclude>
    <ClInclude Include="..\Runtime\AssetRegistry\Material\MaterialAssetInfo.h">
      <Filter>Runtime\AssetRegistry\Material</Filter>
    </ClInclude>
    <ClInclude Include="..\Runtime\AssetRegistry\Material\MaterialImporter.h">
      <Filter>Runtime\AssetRegistry\Material</Filter>
    </ClInclude>
    <ClInclude Include="..\Runtime\AssetRegistry\Model\ModelAssetInfo.h">
      <Filter>Runtime\AssetRegistry\Model</Filter>
    </ClInclude>
    <ClInclude Include="..\Runtime\AssetRegistry\Model\ModelImporter.h">
      <Filter>Runtime\AssetRegistry\Model</Filter>
    </ClInclude>
    <ClInclude Include="..\Runtime\AssetRegistry\Shader\ShaderAssetInfo.h">
      <Filter>Runtime\AssetRegistry\Shader</Filter>
    </ClInclude>
    <ClInclude Include="..\Runtime\AssetRegistry\Shader\ShaderCache.h">
      <Filter>Runtime\AssetRegistry\Shader</Filter>
    </ClInclude>
    <ClInclude Include="..\Runtime\AssetRegistry\Shader\ShaderCompiler.h">
      <Filter>Runtime\AssetRegistry\Shader</Filter>
    </ClInclude>
    <ClInclude Include="..\Runtime\AssetRegistry\Texture\TextureAssetInfo.h">
      <Filter>Runtime\AssetRegistry\Texture</Filter>
    </ClInclude>
    <ClInclude Include="..\Runtime\AssetRegistry\Texture\TextureImporter.h">
      <Filter>Runtime\AssetRegistry\Texture</Filter>
    </ClInclude>
    <ClInclude Include="..\Runtime\AssetRegistry\RenderPipeline\RenderPipelineAssetInfo.h">
      <Filter>Runtime\AssetRegistry\RenderPipeline</Filter>
    </ClInclude>
    <ClInclude Include="..\Runtime\AssetRegistry\RenderPipeline\RenderPipelineImporter.h">
      <Filter>Runtime\AssetRegistry\RenderPipeline</Filter>
    </ClInclude>
    <ClInclude Include="..\Runtime\Core\LogMacros.h">
      <Filter>Runtime\Core</Filter>
    </ClInclude>
    <ClInclude Include="..\Runtime\Core\Defines.h">
      <Filter>Runtime\Core</Filter>
    </ClInclude>
    <ClInclude Include="..\Runtime\Core\Utils.h">
      <Filter>Runtime\Core</Filter>
    </ClInclude>
    <ClInclude Include="..\Runtime\Memory\RefPtr.hpp">
      <Filter>Runtime\Memory</Filter>
    </ClInclude>
    <ClInclude Include="..\Runtime\Memory\SharedPtr.hpp">
      <Filter>Runtime\Memory</Filter>
    </ClInclude>
    <ClInclude Include="..\Runtime\Memory\UniquePtr.hpp">
      <Filter>Runtime\Memory</Filter>
    </ClInclude>
    <ClInclude Include="..\Runtime\Memory\WeakPtr.hpp">
      <Filter>Runtime\Memory</Filter>
    </ClInclude>
    <ClInclude Include="..\Runtime\Core\Singleton.hpp">
      <Filter>Runtime\Core</Filter>
    </ClInclude>
    <ClInclude Include="..\Runtime\Core\Submodule.h">
      <Filter>Runtime\Core</Filter>
    </ClInclude>
    <ClInclude Include="..\Runtime\AssetRegistry\DefaultAssets.h">
      <Filter>Runtime\AssetRegistry</Filter>
    </ClInclude>
    <ClInclude Include="..\Runtime\JobSystem\Tasks.h">
      <Filter>Runtime\Jobsystem</Filter>
    </ClInclude>
    <ClInclude Include="..\Runtime\Memory\MallocAllocator.h">
      <Filter>Runtime\Memory</Filter>
    </ClInclude>
    <ClInclude Include="..\Runtime\Containers\Set.h">
      <Filter>Runtime\Containers</Filter>
    </ClInclude>
    <ClInclude Include="..\Runtime\Containers\Vector.h">
      <Filter>Runtime\Containers</Filter>
    </ClInclude>
    <ClInclude Include="..\Runtime\Containers\Map.h">
      <Filter>Runtime\Containers</Filter>
    </ClInclude>
    <ClInclude Include="..\Runtime\Containers\Concepts.h">
      <Filter>Runtime\Containers</Filter>
    </ClInclude>
    <ClInclude Include="..\Runtime\Containers\Pair.h">
      <Filter>Runtime\Containers</Filter>
    </ClInclude>
    <ClInclude Include="..\Runtime\Containers\List.h">
      <Filter>Runtime\Containers</Filter>
    </ClInclude>
    <ClInclude Include="..\Runtime\Containers\ConcurrentSet.h">
      <Filter>Runtime\Containers</Filter>
    </ClInclude>
    <ClInclude Include="..\Runtime\Containers\ConcurrentMap.h">
      <Filter>Runtime\Containers</Filter>
    </ClInclude>
    <ClInclude Include="..\Runtime\Engine\EngineLoop.h">
      <Filter>Runtime\Engine</Filter>
    </ClInclude>
    <ClInclude Include="..\Runtime\Engine\Object.h">
      <Filter>Runtime\Engine</Filter>
    </ClInclude>
  </ItemGroup>
  <ItemGroup>
    <ClCompile Include="dllmain.cpp">
      <Filter>Source Files</Filter>
    </ClCompile>
    <ClCompile Include="..\Runtime\Sailor.cpp">
      <Filter>Runtime</Filter>
    </ClCompile>
    <ClCompile Include="..\Runtime\AssetRegistry\AssetRegistry.cpp">
      <Filter>Runtime\AssetRegistry</Filter>
    </ClCompile>
    <ClCompile Include="..\Runtime\AssetRegistry\AssetInfo.cpp">
      <Filter>Runtime\AssetRegistry</Filter>
    </ClCompile>
    <ClCompile Include="..\Runtime\AssetRegistry\UID.cpp">
      <Filter>Runtime\AssetRegistry</Filter>
    </ClCompile>
    <ClCompile Include="..\Runtime\JobSystem\JobSystem.cpp">
      <Filter>Runtime\Jobsystem</Filter>
    </ClCompile>
    <ClCompile Include="..\Runtime\GfxDevice\Vulkan\VulkanApi.cpp">
      <Filter>Runtime\GfxDevice\Vulkan</Filter>
    </ClCompile>
    <ClCompile Include="..\Runtime\Core\JsonSerializable.cpp">
      <Filter>Runtime\Core</Filter>
    </ClCompile>
    <ClCompile Include="..\Runtime\GfxDevice\Vulkan\VulkanCommandBuffer.cpp">
      <Filter>Runtime\GfxDevice\Vulkan</Filter>
    </ClCompile>
    <ClCompile Include="..\Runtime\GfxDevice\Vulkan\VulkanCommandPool.cpp">
      <Filter>Runtime\GfxDevice\Vulkan</Filter>
    </ClCompile>
    <ClCompile Include="..\Runtime\GfxDevice\Vulkan\VulkanFence.cpp">
      <Filter>Runtime\GfxDevice\Vulkan</Filter>
    </ClCompile>
    <ClCompile Include="..\Runtime\GfxDevice\Vulkan\VulkanSemaphore.cpp">
      <Filter>Runtime\GfxDevice\Vulkan</Filter>
    </ClCompile>
    <ClCompile Include="..\Runtime\GfxDevice\Vulkan\VulkanDevice.cpp">
      <Filter>Runtime\GfxDevice\Vulkan</Filter>
    </ClCompile>
    <ClCompile Include="..\Runtime\GfxDevice\Vulkan\VulkanRenderPass.cpp">
      <Filter>Runtime\GfxDevice\Vulkan</Filter>
    </ClCompile>
    <ClCompile Include="..\Runtime\GfxDevice\Vulkan\VulkanSwapchain.cpp">
      <Filter>Runtime\GfxDevice\Vulkan</Filter>
    </ClCompile>
    <ClCompile Include="..\Runtime\GfxDevice\Vulkan\VulkanQueue.cpp">
      <Filter>Runtime\GfxDevice\Vulkan</Filter>
    </ClCompile>
    <ClCompile Include="..\Runtime\GfxDevice\Vulkan\VulkanFramebuffer.cpp">
      <Filter>Runtime\GfxDevice\Vulkan</Filter>
    </ClCompile>
    <ClCompile Include="..\Runtime\GfxDevice\Vulkan\VulkanImage.cpp">
      <Filter>Runtime\GfxDevice\Vulkan</Filter>
    </ClCompile>
    <ClCompile Include="..\Runtime\GfxDevice\Vulkan\VulkanImageInfo.cpp">
      <Filter>Runtime\GfxDevice\Vulkan</Filter>
    </ClCompile>
    <ClCompile Include="..\Runtime\GfxDevice\Vulkan\VulkanImageView.cpp">
      <Filter>Runtime\GfxDevice\Vulkan</Filter>
    </ClCompile>
    <ClCompile Include="..\Runtime\GfxDevice\Vulkan\VulkanBuffer.cpp">
      <Filter>Runtime\GfxDevice\Vulkan</Filter>
    </ClCompile>
    <ClCompile Include="..\Runtime\GfxDevice\Vulkan\VulkanDeviceMemory.cpp">
      <Filter>Runtime\GfxDevice\Vulkan</Filter>
    </ClCompile>
    <ClCompile Include="..\Runtime\RHI\Renderer.cpp">
      <Filter>Runtime\RHI</Filter>
    </ClCompile>
    <ClCompile Include="..\Runtime\GfxDevice\Vulkan\VulkanPipeline.cpp">
      <Filter>Runtime\GfxDevice\Vulkan</Filter>
    </ClCompile>
    <ClCompile Include="..\Runtime\GfxDevice\Vulkan\VulkanShaderModule.cpp">
      <Filter>Runtime\GfxDevice\Vulkan</Filter>
    </ClCompile>
    <ClCompile Include="..\Runtime\GfxDevice\Vulkan\VulkanPipileneStates.cpp">
      <Filter>Runtime\GfxDevice\Vulkan</Filter>
    </ClCompile>
    <ClCompile Include="..\Runtime\GfxDevice\Vulkan\VulkanDescriptors.cpp">
      <Filter>Runtime\GfxDevice\Vulkan</Filter>
    </ClCompile>
    <ClCompile Include="..\Runtime\GfxDevice\Vulkan\VulkanSamplers.cpp">
      <Filter>Runtime\GfxDevice\Vulkan</Filter>
    </ClCompile>
    <ClCompile Include="..\Runtime\Platform\Win32\ConsoleWindow.cpp">
      <Filter>Runtime\Platform\Win32</Filter>
    </ClCompile>
    <ClCompile Include="..\Runtime\Platform\Win32\Input.cpp">
      <Filter>Runtime\Platform\Win32</Filter>
    </ClCompile>
    <ClCompile Include="..\Runtime\Platform\Win32\Window.cpp">
      <Filter>Runtime\Platform\Win32</Filter>
    </ClCompile>
    <ClCompile Include="..\Runtime\Memory\Memory.cpp">
      <Filter>Runtime\Memory</Filter>
    </ClCompile>
    <ClCompile Include="..\Runtime\Memory\Heap.cpp">
      <Filter>Runtime\Memory</Filter>
    </ClCompile>
    <ClCompile Include="..\Runtime\GfxDevice\Vulkan\VulkanMemory.cpp">
      <Filter>Runtime\GfxDevice\Vulkan</Filter>
    </ClCompile>
    <ClCompile Include="..\Runtime\RHI\CommandList.cpp">
      <Filter>Runtime\RHI</Filter>
    </ClCompile>
    <ClCompile Include="..\Runtime\RHI\Fence.cpp">
      <Filter>Runtime\RHI</Filter>
    </ClCompile>
    <ClCompile Include="..\Runtime\RHI\Mesh.cpp">
      <Filter>Runtime\RHI</Filter>
    </ClCompile>
    <ClCompile Include="..\Runtime\RHI\Texture.cpp">
      <Filter>Runtime\RHI</Filter>
    </ClCompile>
    <ClCompile Include="..\Runtime\GfxDevice\Vulkan\GfxDeviceVulkan.cpp">
      <Filter>Runtime\GfxDevice\Vulkan</Filter>
    </ClCompile>
    <ClCompile Include="..\Runtime\RHI\Buffer.cpp">
      <Filter>Runtime\RHI</Filter>
    </ClCompile>
    <ClCompile Include="..\Runtime\RHI\GfxDevice.cpp">
      <Filter>Runtime\RHI</Filter>
    </ClCompile>
    <ClCompile Include="..\Runtime\RHI\Material.cpp">
      <Filter>Runtime\RHI</Filter>
    </ClCompile>
    <ClCompile Include="..\Runtime\RHI\Shader.cpp">
      <Filter>Runtime\RHI</Filter>
    </ClCompile>
    <ClCompile Include="..\Runtime\GfxDevice\Vulkan\VulkanBufferMemory.cpp">
      <Filter>Runtime\GfxDevice\Vulkan</Filter>
    </ClCompile>
    <ClCompile Include="..\Runtime\AssetRegistry\Material\MaterialAssetInfo.cpp">
      <Filter>Runtime\AssetRegistry\Material</Filter>
    </ClCompile>
    <ClCompile Include="..\Runtime\AssetRegistry\Material\MaterialImporter.cpp">
      <Filter>Runtime\AssetRegistry\Material</Filter>
    </ClCompile>
    <ClCompile Include="..\Runtime\AssetRegistry\Model\ModelAssetInfo.cpp">
      <Filter>Runtime\AssetRegistry\Model</Filter>
    </ClCompile>
    <ClCompile Include="..\Runtime\AssetRegistry\Model\ModelImporter.cpp">
      <Filter>Runtime\AssetRegistry\Model</Filter>
    </ClCompile>
    <ClCompile Include="..\Runtime\AssetRegistry\Shader\ShaderAssetInfo.cpp">
      <Filter>Runtime\AssetRegistry\Shader</Filter>
    </ClCompile>
    <ClCompile Include="..\Runtime\AssetRegistry\Shader\ShaderCache.cpp">
      <Filter>Runtime\AssetRegistry\Shader</Filter>
    </ClCompile>
    <ClCompile Include="..\Runtime\AssetRegistry\Shader\ShaderCompiler.cpp">
      <Filter>Runtime\AssetRegistry\Shader</Filter>
    </ClCompile>
    <ClCompile Include="..\Runtime\AssetRegistry\Texture\TextureAssetInfo.cpp">
      <Filter>Runtime\AssetRegistry\Texture</Filter>
    </ClCompile>
    <ClCompile Include="..\Runtime\AssetRegistry\Texture\TextureImporter.cpp">
      <Filter>Runtime\AssetRegistry\Texture</Filter>
    </ClCompile>
    <ClCompile Include="..\Runtime\AssetRegistry\RenderPipeline\RenderPipelineAssetInfo.cpp">
      <Filter>Runtime\AssetRegistry\RenderPipeline</Filter>
    </ClCompile>
    <ClCompile Include="..\Runtime\AssetRegistry\RenderPipeline\RenderPipelineImporter.cpp">
      <Filter>Runtime\AssetRegistry\RenderPipeline</Filter>
    </ClCompile>
    <ClCompile Include="..\Runtime\Core\Utils.cpp">
      <Filter>Runtime\Core</Filter>
    </ClCompile>
    <ClCompile Include="..\Runtime\Core\Submodule.cpp">
      <Filter>Runtime\Core</Filter>
    </ClCompile>
    <ClCompile Include="..\Runtime\AssetRegistry\DefaultAssets.cpp">
      <Filter>Runtime\AssetRegistry</Filter>
    </ClCompile>
    <ClCompile Include="..\Runtime\JobSystem\Tasks.cpp">
      <Filter>Runtime\Jobsystem</Filter>
    </ClCompile>
    <ClCompile Include="..\Runtime\Math\Math.cpp">
      <Filter>Runtime\Math</Filter>
    </ClCompile>
    <ClCompile Include="..\Runtime\Containers\SetBenchmark.cpp">
      <Filter>Runtime\Containers</Filter>
    </ClCompile>
    <ClCompile Include="..\Runtime\Containers\VectorBenchmark.cpp">
      <Filter>Runtime\Containers</Filter>
    </ClCompile>
    <ClCompile Include="..\Runtime\Containers\MapBenchmark.cpp">
      <Filter>Runtime\Containers</Filter>
    </ClCompile>
    <ClCompile Include="..\Runtime\Containers\ListBenchmark.cpp">
      <Filter>Runtime\Containers</Filter>
    </ClCompile>
    <ClCompile Include="..\Runtime\Engine\EngineLoop.cpp">
      <Filter>Runtime\Engine</Filter>
    </ClCompile>
    <ClCompile Include="..\Runtime\Engine\Object.cpp">
      <Filter>Runtime\Engine</Filter>
    </ClCompile>
  </ItemGroup>
  <ItemGroup>
    <Natvis Include="..\Runtime\Containers\Containers.natvis">
      <Filter>Runtime\Containers</Filter>
    </Natvis>
  </ItemGroup>
</Project>