<?xml version="1.0" encoding="utf-8"?>
<Project ToolsVersion="4.0" xmlns="http://schemas.microsoft.com/developer/msbuild/2003">
  <ItemGroup>
    <Filter Include="Source Files">
      <UniqueIdentifier>{4FC737F1-C7A5-4376-A066-2A32D752A2FF}</UniqueIdentifier>
      <Extensions>cpp;c;cc;cxx;c++;def;odl;idl;hpj;bat;asm;asmx</Extensions>
    </Filter>
    <Filter Include="Header Files">
      <UniqueIdentifier>{93995380-89BD-4b04-88EB-625FBE52EBFB}</UniqueIdentifier>
      <Extensions>h;hh;hpp;hxx;h++;hm;inl;inc;ipp;xsd</Extensions>
    </Filter>
    <Filter Include="Resource Files">
      <UniqueIdentifier>{67DA6AB6-F800-4c08-8B7A-83BB121AAD01}</UniqueIdentifier>
      <Extensions>rc;ico;cur;bmp;dlg;rc2;rct;bin;rgs;gif;jpg;jpeg;jpe;resx;tiff;tif;png;wav;mfcribbon-ms</Extensions>
    </Filter>
    <Filter Include="Runtime">
      <UniqueIdentifier>{f13b37a3-712f-4cdd-8236-af56e0e0b44b}</UniqueIdentifier>
    </Filter>
    <Filter Include="Runtime\AssetRegistry">
      <UniqueIdentifier>{743d5375-e41f-4249-944a-31c1edb7a9ce}</UniqueIdentifier>
    </Filter>
    <Filter Include="Runtime\Platform">
      <UniqueIdentifier>{c4e0e853-b4ec-4661-9e22-a337e7149438}</UniqueIdentifier>
    </Filter>
    <Filter Include="Runtime\Core">
      <UniqueIdentifier>{74f5adc3-d8b2-4f2b-a3b1-184191c1f8e4}</UniqueIdentifier>
    </Filter>
    <Filter Include="Runtime\RHI">
      <UniqueIdentifier>{35d82da9-5486-431e-9c95-d548da0ee596}</UniqueIdentifier>
    </Filter>
    <Filter Include="Runtime\Math">
      <UniqueIdentifier>{a8fee1ec-103d-48d0-b93b-f726495399f4}</UniqueIdentifier>
    </Filter>
    <Filter Include="Runtime\Platform\Win32">
      <UniqueIdentifier>{1c4b6dba-7224-49e7-a4ec-698a2b6500bb}</UniqueIdentifier>
    </Filter>
    <Filter Include="Runtime\Memory">
      <UniqueIdentifier>{b78f6e51-d07c-4f95-95ae-8ce4402e727f}</UniqueIdentifier>
    </Filter>
    <Filter Include="Runtime\AssetRegistry\Material">
      <UniqueIdentifier>{069d282b-5790-4b0a-82a7-75f4bab40292}</UniqueIdentifier>
    </Filter>
    <Filter Include="Runtime\AssetRegistry\Model">
      <UniqueIdentifier>{841dd309-64c9-4f45-b1e6-a3404f007230}</UniqueIdentifier>
    </Filter>
    <Filter Include="Runtime\AssetRegistry\Texture">
      <UniqueIdentifier>{7b94a248-253d-4241-a073-2bf8118bcba5}</UniqueIdentifier>
    </Filter>
    <Filter Include="Runtime\AssetRegistry\Shader">
      <UniqueIdentifier>{81ea8f38-0dcb-4e79-80eb-2ec22bdebcf5}</UniqueIdentifier>
    </Filter>
    <Filter Include="Runtime\AssetRegistry\RenderPipeline">
      <UniqueIdentifier>{27258cad-e314-4982-b128-0583757aefee}</UniqueIdentifier>
    </Filter>
    <Filter Include="Runtime\Containers">
      <UniqueIdentifier>{953ab208-0362-4921-b8d1-08e052356135}</UniqueIdentifier>
    </Filter>
    <Filter Include="Runtime\Engine">
      <UniqueIdentifier>{fdc87901-fb01-4592-bfeb-c831946fcd25}</UniqueIdentifier>
    </Filter>
    <Filter Include="Runtime\GraphicsDriver">
      <UniqueIdentifier>{b3d70ef8-b9d6-401b-abf2-85d910f75b2b}</UniqueIdentifier>
    </Filter>
    <Filter Include="Runtime\GraphicsDriver\Vulkan">
      <UniqueIdentifier>{0d20221a-115f-4076-92f4-af7eb17494a1}</UniqueIdentifier>
    </Filter>
    <Filter Include="Runtime\JobSystem">
      <UniqueIdentifier>{204ddbe7-3034-430c-8a5a-73c2f95bc940}</UniqueIdentifier>
    </Filter>
    <Filter Include="Runtime\Components">
      <UniqueIdentifier>{8926601c-7135-4414-805e-3aaca38892fa}</UniqueIdentifier>
    </Filter>
    <Filter Include="Runtime\ECS">
      <UniqueIdentifier>{f85cc86a-2bde-491e-8e76-4686f9e46cd4}</UniqueIdentifier>
    </Filter>
  </ItemGroup>
  <ItemGroup>
    <ClInclude Include="..\Runtime\Sailor.h">
      <Filter>Runtime</Filter>
    </ClInclude>
    <ClInclude Include="..\Runtime\AssetRegistry\AssetRegistry.h">
      <Filter>Runtime\AssetRegistry</Filter>
    </ClInclude>
    <ClInclude Include="..\Runtime\AssetRegistry\AssetInfo.h">
      <Filter>Runtime\AssetRegistry</Filter>
    </ClInclude>
    <ClInclude Include="..\Runtime\JobSystem\JobSystem.h">
      <Filter>Runtime\JobSystem</Filter>
    </ClInclude>
    <ClInclude Include="..\Runtime\RHI\Types.h">
      <Filter>Runtime\RHI</Filter>
    </ClInclude>
    <ClInclude Include="..\Runtime\Core\JsonSerializable.h">
      <Filter>Runtime\Core</Filter>
    </ClInclude>
    <ClInclude Include="..\Runtime\RHI\Renderer.h">
      <Filter>Runtime\RHI</Filter>
    </ClInclude>
    <ClInclude Include="..\Runtime\Math\Math.h">
      <Filter>Runtime\Math</Filter>
    </ClInclude>
    <ClInclude Include="..\Runtime\Platform\Win32\ConsoleWindow.h">
      <Filter>Runtime\Platform\Win32</Filter>
    </ClInclude>
    <ClInclude Include="..\Runtime\Platform\Win32\Input.h">
      <Filter>Runtime\Platform\Win32</Filter>
    </ClInclude>
    <ClInclude Include="..\Runtime\Platform\Win32\Window.h">
      <Filter>Runtime\Platform\Win32</Filter>
    </ClInclude>
    <ClInclude Include="..\Runtime\RHI\Mesh.h">
      <Filter>Runtime\RHI</Filter>
    </ClInclude>
    <ClInclude Include="..\Runtime\Memory\Memory.h">
      <Filter>Runtime\Memory</Filter>
    </ClInclude>
    <ClInclude Include="..\Runtime\Memory\MemoryBlockAllocator.hpp">
      <Filter>Runtime\Memory</Filter>
    </ClInclude>
    <ClInclude Include="..\Runtime\Memory\MemoryPoolAllocator.hpp">
      <Filter>Runtime\Memory</Filter>
    </ClInclude>
    <ClInclude Include="..\Runtime\Memory\MemoryMultiPoolAllocator.hpp">
      <Filter>Runtime\Memory</Filter>
    </ClInclude>
    <ClInclude Include="..\Runtime\Memory\HeapAllocator.h">
      <Filter>Runtime\Memory</Filter>
    </ClInclude>
    <ClInclude Include="..\Runtime\RHI\Fence.h">
      <Filter>Runtime\RHI</Filter>
    </ClInclude>
    <ClInclude Include="..\Runtime\RHI\CommandList.h">
      <Filter>Runtime\RHI</Filter>
    </ClInclude>
    <ClInclude Include="..\Runtime\RHI\GraphicsDriver.h">
      <Filter>Runtime\RHI</Filter>
    </ClInclude>
    <ClInclude Include="..\Runtime\RHI\Texture.h">
      <Filter>Runtime\RHI</Filter>
    </ClInclude>
    <ClInclude Include="..\Runtime\RHI\Buffer.h">
      <Filter>Runtime\RHI</Filter>
    </ClInclude>
    <ClInclude Include="..\Runtime\RHI\Material.h">
      <Filter>Runtime\RHI</Filter>
    </ClInclude>
    <ClInclude Include="..\Runtime\RHI\Shader.h">
      <Filter>Runtime\RHI</Filter>
    </ClInclude>
    <ClInclude Include="..\Runtime\AssetRegistry\UID.h">
      <Filter>Runtime\AssetRegistry</Filter>
    </ClInclude>
    <ClInclude Include="..\Runtime\AssetRegistry\Material\MaterialAssetInfo.h">
      <Filter>Runtime\AssetRegistry\Material</Filter>
    </ClInclude>
    <ClInclude Include="..\Runtime\AssetRegistry\Material\MaterialImporter.h">
      <Filter>Runtime\AssetRegistry\Material</Filter>
    </ClInclude>
    <ClInclude Include="..\Runtime\AssetRegistry\Model\ModelAssetInfo.h">
      <Filter>Runtime\AssetRegistry\Model</Filter>
    </ClInclude>
    <ClInclude Include="..\Runtime\AssetRegistry\Model\ModelImporter.h">
      <Filter>Runtime\AssetRegistry\Model</Filter>
    </ClInclude>
    <ClInclude Include="..\Runtime\AssetRegistry\Shader\ShaderAssetInfo.h">
      <Filter>Runtime\AssetRegistry\Shader</Filter>
    </ClInclude>
    <ClInclude Include="..\Runtime\AssetRegistry\Shader\ShaderCache.h">
      <Filter>Runtime\AssetRegistry\Shader</Filter>
    </ClInclude>
    <ClInclude Include="..\Runtime\AssetRegistry\Shader\ShaderCompiler.h">
      <Filter>Runtime\AssetRegistry\Shader</Filter>
    </ClInclude>
    <ClInclude Include="..\Runtime\AssetRegistry\Texture\TextureAssetInfo.h">
      <Filter>Runtime\AssetRegistry\Texture</Filter>
    </ClInclude>
    <ClInclude Include="..\Runtime\AssetRegistry\Texture\TextureImporter.h">
      <Filter>Runtime\AssetRegistry\Texture</Filter>
    </ClInclude>
    <ClInclude Include="..\Runtime\AssetRegistry\RenderPipeline\RenderPipelineAssetInfo.h">
      <Filter>Runtime\AssetRegistry\RenderPipeline</Filter>
    </ClInclude>
    <ClInclude Include="..\Runtime\AssetRegistry\RenderPipeline\RenderPipelineImporter.h">
      <Filter>Runtime\AssetRegistry\RenderPipeline</Filter>
    </ClInclude>
    <ClInclude Include="..\Runtime\Core\LogMacros.h">
      <Filter>Runtime\Core</Filter>
    </ClInclude>
    <ClInclude Include="..\Runtime\Core\Defines.h">
      <Filter>Runtime\Core</Filter>
    </ClInclude>
    <ClInclude Include="..\Runtime\Core\Utils.h">
      <Filter>Runtime\Core</Filter>
    </ClInclude>
    <ClInclude Include="..\Runtime\Memory\RefPtr.hpp">
      <Filter>Runtime\Memory</Filter>
    </ClInclude>
    <ClInclude Include="..\Runtime\Memory\SharedPtr.hpp">
      <Filter>Runtime\Memory</Filter>
    </ClInclude>
    <ClInclude Include="..\Runtime\Memory\UniquePtr.hpp">
      <Filter>Runtime\Memory</Filter>
    </ClInclude>
    <ClInclude Include="..\Runtime\Memory\WeakPtr.hpp">
      <Filter>Runtime\Memory</Filter>
    </ClInclude>
    <ClInclude Include="..\Runtime\Core\Singleton.hpp">
      <Filter>Runtime\Core</Filter>
    </ClInclude>
    <ClInclude Include="..\Runtime\Core\Submodule.h">
      <Filter>Runtime\Core</Filter>
    </ClInclude>
    <ClInclude Include="..\Runtime\AssetRegistry\DefaultAssets.h">
      <Filter>Runtime\AssetRegistry</Filter>
    </ClInclude>
    <ClInclude Include="..\Runtime\JobSystem\Tasks.h">
      <Filter>Runtime\JobSystem</Filter>
    </ClInclude>
    <ClInclude Include="..\Runtime\Memory\MallocAllocator.hpp">
      <Filter>Runtime\Memory</Filter>
    </ClInclude>
    <ClInclude Include="..\Runtime\Containers\Set.h">
      <Filter>Runtime\Containers</Filter>
    </ClInclude>
    <ClInclude Include="..\Runtime\Containers\Vector.h">
      <Filter>Runtime\Containers</Filter>
    </ClInclude>
    <ClInclude Include="..\Runtime\Containers\Map.h">
      <Filter>Runtime\Containers</Filter>
    </ClInclude>
    <ClInclude Include="..\Runtime\Containers\Concepts.h">
      <Filter>Runtime\Containers</Filter>
    </ClInclude>
    <ClInclude Include="..\Runtime\Containers\Pair.h">
      <Filter>Runtime\Containers</Filter>
    </ClInclude>
    <ClInclude Include="..\Runtime\Containers\List.h">
      <Filter>Runtime\Containers</Filter>
    </ClInclude>
    <ClInclude Include="..\Runtime\Containers\ConcurrentSet.h">
      <Filter>Runtime\Containers</Filter>
    </ClInclude>
    <ClInclude Include="..\Runtime\Containers\ConcurrentMap.h">
      <Filter>Runtime\Containers</Filter>
    </ClInclude>
    <ClInclude Include="..\Runtime\Engine\EngineLoop.h">
      <Filter>Runtime\Engine</Filter>
    </ClInclude>
    <ClInclude Include="..\Runtime\Engine\Object.h">
      <Filter>Runtime\Engine</Filter>
    </ClInclude>
    <ClInclude Include="..\Runtime\GraphicsDriver\Vulkan\VulkanApi.h">
      <Filter>Runtime\GraphicsDriver\Vulkan</Filter>
    </ClInclude>
    <ClInclude Include="..\Runtime\GraphicsDriver\Vulkan\VulkanBuffer.h">
      <Filter>Runtime\GraphicsDriver\Vulkan</Filter>
    </ClInclude>
    <ClInclude Include="..\Runtime\GraphicsDriver\Vulkan\VulkanBufferMemory.h">
      <Filter>Runtime\GraphicsDriver\Vulkan</Filter>
    </ClInclude>
    <ClInclude Include="..\Runtime\GraphicsDriver\Vulkan\VulkanCommandBuffer.h">
      <Filter>Runtime\GraphicsDriver\Vulkan</Filter>
    </ClInclude>
    <ClInclude Include="..\Runtime\GraphicsDriver\Vulkan\VulkanCommandPool.h">
      <Filter>Runtime\GraphicsDriver\Vulkan</Filter>
    </ClInclude>
    <ClInclude Include="..\Runtime\GraphicsDriver\Vulkan\VulkanDescriptors.h">
      <Filter>Runtime\GraphicsDriver\Vulkan</Filter>
    </ClInclude>
    <ClInclude Include="..\Runtime\GraphicsDriver\Vulkan\VulkanDevice.h">
      <Filter>Runtime\GraphicsDriver\Vulkan</Filter>
    </ClInclude>
    <ClInclude Include="..\Runtime\GraphicsDriver\Vulkan\VulkanDeviceMemory.h">
      <Filter>Runtime\GraphicsDriver\Vulkan</Filter>
    </ClInclude>
    <ClInclude Include="..\Runtime\GraphicsDriver\Vulkan\VulkanFence.h">
      <Filter>Runtime\GraphicsDriver\Vulkan</Filter>
    </ClInclude>
    <ClInclude Include="..\Runtime\GraphicsDriver\Vulkan\VulkanFramebuffer.h">
      <Filter>Runtime\GraphicsDriver\Vulkan</Filter>
    </ClInclude>
    <ClInclude Include="..\Runtime\GraphicsDriver\Vulkan\VulkanGraphicsDriver.h">
      <Filter>Runtime\GraphicsDriver\Vulkan</Filter>
    </ClInclude>
    <ClInclude Include="..\Runtime\GraphicsDriver\Vulkan\VulkanImage.h">
      <Filter>Runtime\GraphicsDriver\Vulkan</Filter>
    </ClInclude>
    <ClInclude Include="..\Runtime\GraphicsDriver\Vulkan\VulkanImageInfo.h">
      <Filter>Runtime\GraphicsDriver\Vulkan</Filter>
    </ClInclude>
    <ClInclude Include="..\Runtime\GraphicsDriver\Vulkan\VulkanImageView.h">
      <Filter>Runtime\GraphicsDriver\Vulkan</Filter>
    </ClInclude>
    <ClInclude Include="..\Runtime\GraphicsDriver\Vulkan\VulkanMemory.h">
      <Filter>Runtime\GraphicsDriver\Vulkan</Filter>
    </ClInclude>
    <ClInclude Include="..\Runtime\GraphicsDriver\Vulkan\VulkanMemory.hpp">
      <Filter>Runtime\GraphicsDriver\Vulkan</Filter>
    </ClInclude>
    <ClInclude Include="..\Runtime\GraphicsDriver\Vulkan\VulkanPipeline.h">
      <Filter>Runtime\GraphicsDriver\Vulkan</Filter>
    </ClInclude>
    <ClInclude Include="..\Runtime\GraphicsDriver\Vulkan\VulkanPipileneStates.h">
      <Filter>Runtime\GraphicsDriver\Vulkan</Filter>
    </ClInclude>
    <ClInclude Include="..\Runtime\GraphicsDriver\Vulkan\VulkanQueue.h">
      <Filter>Runtime\GraphicsDriver\Vulkan</Filter>
    </ClInclude>
    <ClInclude Include="..\Runtime\GraphicsDriver\Vulkan\VulkanRenderPass.h">
      <Filter>Runtime\GraphicsDriver\Vulkan</Filter>
    </ClInclude>
    <ClInclude Include="..\Runtime\GraphicsDriver\Vulkan\VulkanSamplers.h">
      <Filter>Runtime\GraphicsDriver\Vulkan</Filter>
    </ClInclude>
    <ClInclude Include="..\Runtime\GraphicsDriver\Vulkan\VulkanSemaphore.h">
      <Filter>Runtime\GraphicsDriver\Vulkan</Filter>
    </ClInclude>
    <ClInclude Include="..\Runtime\GraphicsDriver\Vulkan\VulkanShaderModule.h">
      <Filter>Runtime\GraphicsDriver\Vulkan</Filter>
    </ClInclude>
    <ClInclude Include="..\Runtime\GraphicsDriver\Vulkan\VulkanSwapchain.h">
      <Filter>Runtime\GraphicsDriver\Vulkan</Filter>
    </ClInclude>
    <ClInclude Include="..\Runtime\Engine\Scene.h">
      <Filter>Runtime\Engine</Filter>
    </ClInclude>
    <ClInclude Include="..\Runtime\Engine\World.h">
      <Filter>Runtime\Engine</Filter>
    </ClInclude>
    <ClInclude Include="..\Runtime\Engine\GameObject.h">
      <Filter>Runtime\Engine</Filter>
    </ClInclude>
    <ClInclude Include="..\Runtime\Components\Component.h">
      <Filter>Runtime\Components</Filter>
    </ClInclude>
    <ClInclude Include="..\Runtime\Components\MeshRendererComponent.h">
      <Filter>Runtime\Components</Filter>
    </ClInclude>
    <ClInclude Include="..\Runtime\Memory\ObjectPtr.hpp">
      <Filter>Runtime\Memory</Filter>
    </ClInclude>
    <ClInclude Include="..\Runtime\Memory\LockFreeHeapAllocator.h">
      <Filter>Runtime\Memory</Filter>
    </ClInclude>
    <ClInclude Include="..\Runtime\Containers\Containers.h">
      <Filter>Runtime\Containers</Filter>
    </ClInclude>
    <ClInclude Include="..\Runtime\Math\Transform.h">
      <Filter>Runtime\Math</Filter>
    </ClInclude>
    <ClInclude Include="..\Runtime\Memory\ObjectAllocator.hpp">
      <Filter>Runtime\Memory</Filter>
    </ClInclude>
    <ClInclude Include="..\Runtime\ECS\ECS.h">
      <Filter>Runtime\ECS</Filter>
    </ClInclude>
    <ClInclude Include="..\Runtime\ECS\TransformECS.h">
      <Filter>Runtime\ECS</Filter>
    </ClInclude>
    <ClInclude Include="..\Runtime\Core\SpinLock.h">
      <Filter>Runtime\Core</Filter>
    </ClInclude>
    <ClInclude Include="..\Runtime\ECS\StaticMeshRendererECS.h">
      <Filter>Runtime\ECS</Filter>
    </ClInclude>
    <ClInclude Include="..\Runtime\Components\TestComponent.h">
      <Filter>Runtime\Components</Filter>
    </ClInclude>
    <ClInclude Include="..\Runtime\Engine\Frame.h">
      <Filter>Runtime\Engine</Filter>
    </ClInclude>
    <ClInclude Include="..\Runtime\ECS\CameraECS.h">
      <Filter>Runtime\ECS</Filter>
    </ClInclude>
    <ClInclude Include="..\Runtime\Components\CameraComponent.h">
      <Filter>Runtime\Components</Filter>
    </ClInclude>
    <ClInclude Include="..\Runtime\Math\Bounds.h">
      <Filter>Runtime\Math</Filter>
    </ClInclude>
  </ItemGroup>
  <ItemGroup>
    <ClCompile Include="dllmain.cpp">
      <Filter>Source Files</Filter>
    </ClCompile>
    <ClCompile Include="..\Runtime\Sailor.cpp">
      <Filter>Runtime</Filter>
    </ClCompile>
    <ClCompile Include="..\Runtime\AssetRegistry\AssetRegistry.cpp">
      <Filter>Runtime\AssetRegistry</Filter>
    </ClCompile>
    <ClCompile Include="..\Runtime\AssetRegistry\AssetInfo.cpp">
      <Filter>Runtime\AssetRegistry</Filter>
    </ClCompile>
    <ClCompile Include="..\Runtime\AssetRegistry\UID.cpp">
      <Filter>Runtime\AssetRegistry</Filter>
    </ClCompile>
    <ClCompile Include="..\Runtime\JobSystem\JobSystem.cpp">
      <Filter>Runtime\JobSystem</Filter>
    </ClCompile>
    <ClCompile Include="..\Runtime\Core\JsonSerializable.cpp">
      <Filter>Runtime\Core</Filter>
    </ClCompile>
    <ClCompile Include="..\Runtime\RHI\Renderer.cpp">
      <Filter>Runtime\RHI</Filter>
    </ClCompile>
    <ClCompile Include="..\Runtime\Platform\Win32\ConsoleWindow.cpp">
      <Filter>Runtime\Platform\Win32</Filter>
    </ClCompile>
    <ClCompile Include="..\Runtime\Platform\Win32\Input.cpp">
      <Filter>Runtime\Platform\Win32</Filter>
    </ClCompile>
    <ClCompile Include="..\Runtime\Platform\Win32\Window.cpp">
      <Filter>Runtime\Platform\Win32</Filter>
    </ClCompile>
    <ClCompile Include="..\Runtime\Memory\Memory.cpp">
      <Filter>Runtime\Memory</Filter>
    </ClCompile>
    <ClCompile Include="..\Runtime\Memory\HeapAllocator.cpp">
      <Filter>Runtime\Memory</Filter>
    </ClCompile>
    <ClCompile Include="..\Runtime\RHI\CommandList.cpp">
      <Filter>Runtime\RHI</Filter>
    </ClCompile>
    <ClCompile Include="..\Runtime\RHI\Fence.cpp">
      <Filter>Runtime\RHI</Filter>
    </ClCompile>
    <ClCompile Include="..\Runtime\RHI\Mesh.cpp">
      <Filter>Runtime\RHI</Filter>
    </ClCompile>
    <ClCompile Include="..\Runtime\RHI\Texture.cpp">
      <Filter>Runtime\RHI</Filter>
    </ClCompile>
    <ClCompile Include="..\Runtime\RHI\Buffer.cpp">
      <Filter>Runtime\RHI</Filter>
    </ClCompile>
    <ClCompile Include="..\Runtime\RHI\GraphicsDriver.cpp">
      <Filter>Runtime\RHI</Filter>
    </ClCompile>
    <ClCompile Include="..\Runtime\RHI\Material.cpp">
      <Filter>Runtime\RHI</Filter>
    </ClCompile>
    <ClCompile Include="..\Runtime\RHI\Shader.cpp">
      <Filter>Runtime\RHI</Filter>
    </ClCompile>
    <ClCompile Include="..\Runtime\AssetRegistry\Material\MaterialAssetInfo.cpp">
      <Filter>Runtime\AssetRegistry\Material</Filter>
    </ClCompile>
    <ClCompile Include="..\Runtime\AssetRegistry\Material\MaterialImporter.cpp">
      <Filter>Runtime\AssetRegistry\Material</Filter>
    </ClCompile>
    <ClCompile Include="..\Runtime\AssetRegistry\Model\ModelAssetInfo.cpp">
      <Filter>Runtime\AssetRegistry\Model</Filter>
    </ClCompile>
    <ClCompile Include="..\Runtime\AssetRegistry\Model\ModelImporter.cpp">
      <Filter>Runtime\AssetRegistry\Model</Filter>
    </ClCompile>
    <ClCompile Include="..\Runtime\AssetRegistry\Shader\ShaderAssetInfo.cpp">
      <Filter>Runtime\AssetRegistry\Shader</Filter>
    </ClCompile>
    <ClCompile Include="..\Runtime\AssetRegistry\Shader\ShaderCache.cpp">
      <Filter>Runtime\AssetRegistry\Shader</Filter>
    </ClCompile>
    <ClCompile Include="..\Runtime\AssetRegistry\Shader\ShaderCompiler.cpp">
      <Filter>Runtime\AssetRegistry\Shader</Filter>
    </ClCompile>
    <ClCompile Include="..\Runtime\AssetRegistry\Texture\TextureAssetInfo.cpp">
      <Filter>Runtime\AssetRegistry\Texture</Filter>
    </ClCompile>
    <ClCompile Include="..\Runtime\AssetRegistry\Texture\TextureImporter.cpp">
      <Filter>Runtime\AssetRegistry\Texture</Filter>
    </ClCompile>
    <ClCompile Include="..\Runtime\AssetRegistry\RenderPipeline\RenderPipelineAssetInfo.cpp">
      <Filter>Runtime\AssetRegistry\RenderPipeline</Filter>
    </ClCompile>
    <ClCompile Include="..\Runtime\AssetRegistry\RenderPipeline\RenderPipelineImporter.cpp">
      <Filter>Runtime\AssetRegistry\RenderPipeline</Filter>
    </ClCompile>
    <ClCompile Include="..\Runtime\Core\Utils.cpp">
      <Filter>Runtime\Core</Filter>
    </ClCompile>
    <ClCompile Include="..\Runtime\Core\Submodule.cpp">
      <Filter>Runtime\Core</Filter>
    </ClCompile>
    <ClCompile Include="..\Runtime\AssetRegistry\DefaultAssets.cpp">
      <Filter>Runtime\AssetRegistry</Filter>
    </ClCompile>
    <ClCompile Include="..\Runtime\JobSystem\Tasks.cpp">
      <Filter>Runtime\JobSystem</Filter>
    </ClCompile>
    <ClCompile Include="..\Runtime\Math\Math.cpp">
      <Filter>Runtime\Math</Filter>
    </ClCompile>
    <ClCompile Include="..\Runtime\Containers\SetBenchmark.cpp">
      <Filter>Runtime\Containers</Filter>
    </ClCompile>
    <ClCompile Include="..\Runtime\Containers\VectorBenchmark.cpp">
      <Filter>Runtime\Containers</Filter>
    </ClCompile>
    <ClCompile Include="..\Runtime\Containers\MapBenchmark.cpp">
      <Filter>Runtime\Containers</Filter>
    </ClCompile>
    <ClCompile Include="..\Runtime\Containers\ListBenchmark.cpp">
      <Filter>Runtime\Containers</Filter>
    </ClCompile>
    <ClCompile Include="..\Runtime\Engine\EngineLoop.cpp">
      <Filter>Runtime\Engine</Filter>
    </ClCompile>
    <ClCompile Include="..\Runtime\Engine\Object.cpp">
      <Filter>Runtime\Engine</Filter>
    </ClCompile>
    <ClCompile Include="..\Runtime\GraphicsDriver\Vulkan\VulkanApi.cpp">
      <Filter>Runtime\GraphicsDriver\Vulkan</Filter>
    </ClCompile>
    <ClCompile Include="..\Runtime\GraphicsDriver\Vulkan\VulkanBuffer.cpp">
      <Filter>Runtime\GraphicsDriver\Vulkan</Filter>
    </ClCompile>
    <ClCompile Include="..\Runtime\GraphicsDriver\Vulkan\VulkanBufferMemory.cpp">
      <Filter>Runtime\GraphicsDriver\Vulkan</Filter>
    </ClCompile>
    <ClCompile Include="..\Runtime\GraphicsDriver\Vulkan\VulkanCommandBuffer.cpp">
      <Filter>Runtime\GraphicsDriver\Vulkan</Filter>
    </ClCompile>
    <ClCompile Include="..\Runtime\GraphicsDriver\Vulkan\VulkanCommandPool.cpp">
      <Filter>Runtime\GraphicsDriver\Vulkan</Filter>
    </ClCompile>
    <ClCompile Include="..\Runtime\GraphicsDriver\Vulkan\VulkanDescriptors.cpp">
      <Filter>Runtime\GraphicsDriver\Vulkan</Filter>
    </ClCompile>
    <ClCompile Include="..\Runtime\GraphicsDriver\Vulkan\VulkanDevice.cpp">
      <Filter>Runtime\GraphicsDriver\Vulkan</Filter>
    </ClCompile>
    <ClCompile Include="..\Runtime\GraphicsDriver\Vulkan\VulkanDeviceMemory.cpp">
      <Filter>Runtime\GraphicsDriver\Vulkan</Filter>
    </ClCompile>
    <ClCompile Include="..\Runtime\GraphicsDriver\Vulkan\VulkanFence.cpp">
      <Filter>Runtime\GraphicsDriver\Vulkan</Filter>
    </ClCompile>
    <ClCompile Include="..\Runtime\GraphicsDriver\Vulkan\VulkanFramebuffer.cpp">
      <Filter>Runtime\GraphicsDriver\Vulkan</Filter>
    </ClCompile>
    <ClCompile Include="..\Runtime\GraphicsDriver\Vulkan\VulkanGraphicsDriver.cpp">
      <Filter>Runtime\GraphicsDriver\Vulkan</Filter>
    </ClCompile>
    <ClCompile Include="..\Runtime\GraphicsDriver\Vulkan\VulkanImage.cpp">
      <Filter>Runtime\GraphicsDriver\Vulkan</Filter>
    </ClCompile>
    <ClCompile Include="..\Runtime\GraphicsDriver\Vulkan\VulkanImageInfo.cpp">
      <Filter>Runtime\GraphicsDriver\Vulkan</Filter>
    </ClCompile>
    <ClCompile Include="..\Runtime\GraphicsDriver\Vulkan\VulkanImageView.cpp">
      <Filter>Runtime\GraphicsDriver\Vulkan</Filter>
    </ClCompile>
    <ClCompile Include="..\Runtime\GraphicsDriver\Vulkan\VulkanMemory.cpp">
      <Filter>Runtime\GraphicsDriver\Vulkan</Filter>
    </ClCompile>
    <ClCompile Include="..\Runtime\GraphicsDriver\Vulkan\VulkanPipeline.cpp">
      <Filter>Runtime\GraphicsDriver\Vulkan</Filter>
    </ClCompile>
    <ClCompile Include="..\Runtime\GraphicsDriver\Vulkan\VulkanPipileneStates.cpp">
      <Filter>Runtime\GraphicsDriver\Vulkan</Filter>
    </ClCompile>
    <ClCompile Include="..\Runtime\GraphicsDriver\Vulkan\VulkanQueue.cpp">
      <Filter>Runtime\GraphicsDriver\Vulkan</Filter>
    </ClCompile>
    <ClCompile Include="..\Runtime\GraphicsDriver\Vulkan\VulkanRenderPass.cpp">
      <Filter>Runtime\GraphicsDriver\Vulkan</Filter>
    </ClCompile>
    <ClCompile Include="..\Runtime\GraphicsDriver\Vulkan\VulkanSamplers.cpp">
      <Filter>Runtime\GraphicsDriver\Vulkan</Filter>
    </ClCompile>
    <ClCompile Include="..\Runtime\GraphicsDriver\Vulkan\VulkanSemaphore.cpp">
      <Filter>Runtime\GraphicsDriver\Vulkan</Filter>
    </ClCompile>
    <ClCompile Include="..\Runtime\GraphicsDriver\Vulkan\VulkanShaderModule.cpp">
      <Filter>Runtime\GraphicsDriver\Vulkan</Filter>
    </ClCompile>
    <ClCompile Include="..\Runtime\GraphicsDriver\Vulkan\VulkanSwapchain.cpp">
      <Filter>Runtime\GraphicsDriver\Vulkan</Filter>
    </ClCompile>
    <ClCompile Include="..\Runtime\Engine\Scene.cpp">
      <Filter>Runtime\Engine</Filter>
    </ClCompile>
    <ClCompile Include="..\Runtime\Engine\World.cpp">
      <Filter>Runtime\Engine</Filter>
    </ClCompile>
    <ClCompile Include="..\Runtime\Engine\GameObject.cpp">
      <Filter>Runtime\Engine</Filter>
    </ClCompile>
    <ClCompile Include="..\Runtime\Components\Component.cpp">
      <Filter>Runtime\Components</Filter>
    </ClCompile>
    <ClCompile Include="..\Runtime\Components\MeshRendererComponent.cpp">
      <Filter>Runtime\Components</Filter>
    </ClCompile>
    <ClCompile Include="..\Runtime\Memory\LockFreeHeapAllocator.cpp">
      <Filter>Runtime\Memory</Filter>
    </ClCompile>
    <ClCompile Include="..\Runtime\Math\Transform.cpp">
      <Filter>Runtime\Math</Filter>
    </ClCompile>
    <ClCompile Include="..\Runtime\ECS\ECS.cpp">
      <Filter>Runtime\ECS</Filter>
    </ClCompile>
    <ClCompile Include="..\Runtime\ECS\TransformECS.cpp">
      <Filter>Runtime\ECS</Filter>
    </ClCompile>
    <ClCompile Include="..\Runtime\ECS\StaticMeshRendererECS.cpp">
      <Filter>Runtime\ECS</Filter>
    </ClCompile>
    <ClCompile Include="..\Runtime\Components\TestComponent.cpp">
      <Filter>Runtime\Components</Filter>
    </ClCompile>
    <ClCompile Include="..\Runtime\Engine\Frame.cpp">
      <Filter>Runtime\Engine</Filter>
    </ClCompile>
    <ClCompile Include="..\Runtime\ECS\CameraECS.cpp">
      <Filter>Runtime\ECS</Filter>
    </ClCompile>
    <ClCompile Include="..\Runtime\Components\CameraComponent.cpp">
      <Filter>Runtime\Components</Filter>
    </ClCompile>
    <ClCompile Include="..\Runtime\Math\Bounds.cpp">
      <Filter>Runtime\Math</Filter>
    </ClCompile>
  </ItemGroup>
  <ItemGroup>
    <Natvis Include="..\Runtime\Sailor.natvis">
      <Filter>Runtime</Filter>
    </Natvis>
  </ItemGroup>
</Project>